
Microsoft Visual Studio Solution File, Format Version 12.00
# Visual Studio Version 16
VisualStudioVersion = 16.0.32901.82
MinimumVisualStudioVersion = 10.0.40219.1
Project("{FAE04EC0-301F-11D3-BF4B-00C04F79EFBC}") = "iKuaiManage", "iKuaiManage\iKuaiManage.csproj", "{BADBC7E9-DE74-4D43-8057-3E4F1785F942}"
EndProject
Global
	GlobalSection(SolutionConfigurationPlatforms) = preSolution
		Debug|Any CPU = Debug|Any CPU
		Release|Any CPU = Release|Any CPU
	EndGlobalSection
	GlobalSection(ProjectConfigurationPlatforms) = postSolution
		{BADBC7E9-DE74-4D43-8057-3E4F1785F942}.Debug|Any CPU.ActiveCfg = Debug|Any CPU
		{BADBC7E9-DE74-4D43-8057-3E4F1785F942}.Debug|Any CPU.Build.0 = Debug|Any CPU
		{BADBC7E9-DE74-4D43-8057-3E4F1785F942}.Release|Any CPU.ActiveCfg = Release|Any CPU
		{BADBC7E9-DE74-4D43-8057-3E4F1785F942}.Release|Any CPU.Build.0 = Release|Any CPU
	EndGlobalSection
	GlobalSection(SolutionProperties) = preSolution
		HideSolutionNode = FALSE
	EndGlobalSection
	GlobalSection(ExtensibilityGlobals) = postSolution
		SolutionGuid = {EC215E6B-DC48-4344-BA8D-B5631C6A724C}
	EndGlobalSection
EndGlobal
